{
  "name": "strapi-plugin-graphql",
  "version": "3.0.0-alpha.12.5",
  "lockfileVersion": 1,
  "requires": true,
  "dependencies": {
    "@types/graphql": {
      "version": "0.12.6",
      "resolved": "https://artifactory.swisscom.com:443/api/npm/oxd-ref-npm-virtual/@types/graphql/-/graphql-0.12.6.tgz",
      "integrity": "sha1-PWGRmFhfyr5fThrftc9fM4jGbBM="
    },
    "ansi-regex": {
      "version": "2.1.1",
      "resolved": "https://artifactory.swisscom.com:443/api/npm/oxd-ref-npm-virtual/ansi-regex/-/ansi-regex-2.1.1.tgz",
      "integrity": "sha1-w7M6te42DYbg5ijwRorn7yfWVN8="
    },
    "ansi-styles": {
      "version": "2.2.1",
      "resolved": "https://artifactory.swisscom.com:443/api/npm/oxd-ref-npm-virtual/ansi-styles/-/ansi-styles-2.2.1.tgz",
      "integrity": "sha1-tDLdM1i2NM914eRmQ2gkBTPB3b4="
    },
    "apollo-cache-control": {
      "version": "0.1.1",
      "resolved": "https://artifactory.swisscom.com:443/api/npm/oxd-ref-npm-virtual/apollo-cache-control/-/apollo-cache-control-0.1.1.tgz",
      "integrity": "sha1-Fz0UzrPrnny1Pefri2G+5hWdQXE=",
      "requires": {
        "graphql-extensions": "0.0.10"
      }
    },
    "apollo-link": {
      "version": "1.2.2",
      "resolved": "https://artifactory.swisscom.com:443/api/npm/oxd-ref-npm-virtual/apollo-link/-/apollo-link-1.2.2.tgz",
      "integrity": "sha1-VMhBmbGKwa+NY1U6aMo4nAUhegM=",
      "requires": {
        "@types/graphql": "0.12.6",
        "apollo-utilities": "1.0.16",
        "zen-observable-ts": "0.8.9"
      }
    },
    "apollo-server-core": {
      "version": "1.3.6",
      "resolved": "https://artifactory.swisscom.com:443/api/npm/oxd-ref-npm-virtual/apollo-server-core/-/apollo-server-core-1.3.6.tgz",
      "integrity": "sha1-CGNiQ8LeVvqMJn1o3WAssfvTI+M=",
      "requires": {
        "apollo-cache-control": "0.1.1",
        "apollo-tracing": "0.1.4",
        "graphql-extensions": "0.0.10"
      }
    },
    "apollo-server-koa": {
      "version": "1.3.6",
      "resolved": "https://artifactory.swisscom.com:443/api/npm/oxd-ref-npm-virtual/apollo-server-koa/-/apollo-server-koa-1.3.6.tgz",
      "integrity": "sha1-UXcdhWzE0iNz682GnkrY9OU6tFw=",
      "requires": {
        "apollo-server-core": "1.3.6",
        "apollo-server-module-graphiql": "1.3.4"
      }
    },
    "apollo-server-module-graphiql": {
      "version": "1.3.4",
      "resolved": "https://artifactory.swisscom.com:443/api/npm/oxd-ref-npm-virtual/apollo-server-module-graphiql/-/apollo-server-module-graphiql-1.3.4.tgz",
      "integrity": "sha1-UDmbfFG3Jn0MhBUp9Rc+X8cwTeQ="
    },
    "apollo-tracing": {
      "version": "0.1.4",
      "resolved": "https://artifactory.swisscom.com:443/api/npm/oxd-ref-npm-virtual/apollo-tracing/-/apollo-tracing-0.1.4.tgz",
      "integrity": "sha1-W4rhsBUmsWDublUqfxMZI6mu3Mc=",
      "requires": {
        "graphql-extensions": "0.0.10"
      }
    },
    "apollo-utilities": {
      "version": "1.0.16",
      "resolved": "https://artifactory.swisscom.com:443/api/npm/oxd-ref-npm-virtual/apollo-utilities/-/apollo-utilities-1.0.16.tgz",
      "integrity": "sha1-eHMQ30w5AKaMC+s9NRxZclpYjNs=",
      "requires": {
        "fast-json-stable-stringify": "2.0.0"
      }
    },
    "argparse": {
      "version": "1.0.10",
      "resolved": "https://artifactory.swisscom.com:443/api/npm/oxd-ref-npm-virtual/argparse/-/argparse-1.0.10.tgz",
      "integrity": "sha1-vNZ5HqWuCXJeF+WtmIE0zUCz2RE=",
      "requires": {
        "sprintf-js": "1.0.3"
      }
    },
    "arr-diff": {
      "version": "2.0.0",
      "resolved": "https://artifactory.swisscom.com:443/api/npm/oxd-ref-npm-virtual/arr-diff/-/arr-diff-2.0.0.tgz",
      "integrity": "sha1-jzuCf5Vai9ZpaX5KQlasPOrjVs8=",
      "requires": {
        "arr-flatten": "1.1.0"
      }
    },
    "arr-flatten": {
      "version": "1.1.0",
      "resolved": "https://artifactory.swisscom.com:443/api/npm/oxd-ref-npm-virtual/arr-flatten/-/arr-flatten-1.1.0.tgz",
      "integrity": "sha1-NgSLv/TntH4TZkQxbJlmnqWukfE="
    },
    "array-unique": {
      "version": "0.2.1",
      "resolved": "https://artifactory.swisscom.com:443/api/npm/oxd-ref-npm-virtual/array-unique/-/array-unique-0.2.1.tgz",
      "integrity": "sha1-odl8yvy8JiXMcPrc6zalDFiwGlM="
    },
    "arrify": {
      "version": "1.0.1",
      "resolved": "https://artifactory.swisscom.com:443/api/npm/oxd-ref-npm-virtual/arrify/-/arrify-1.0.1.tgz",
      "integrity": "sha1-iYUI2iIm84DfkEcoRWhJwVAaSw0="
    },
    "babel-runtime": {
      "version": "6.26.0",
      "resolved": "https://artifactory.swisscom.com:443/api/npm/oxd-ref-npm-virtual/babel-runtime/-/babel-runtime-6.26.0.tgz",
      "integrity": "sha1-llxwWGaOgrVde/4E/yM3vItWR/4=",
      "requires": {
        "core-js": "2.5.7",
        "regenerator-runtime": "0.11.1"
      }
    },
    "balanced-match": {
      "version": "1.0.0",
      "resolved": "https://artifactory.swisscom.com:443/api/npm/oxd-ref-npm-virtual/balanced-match/-/balanced-match-1.0.0.tgz",
      "integrity": "sha1-ibTRmasr7kneFk6gK4nORi1xt2c="
    },
    "bluebird": {
      "version": "3.5.1",
      "resolved": "https://artifactory.swisscom.com:443/api/npm/oxd-ref-npm-virtual/bluebird/-/bluebird-3.5.1.tgz",
      "integrity": "sha1-2VUfnemPH82h5oPRfukaBgLuLrk="
    },
    "brace-expansion": {
      "version": "1.1.11",
      "resolved": "https://artifactory.swisscom.com:443/api/npm/oxd-ref-npm-virtual/brace-expansion/-/brace-expansion-1.1.11.tgz",
      "integrity": "sha1-PH/L9SnYcibz0vUrlm/1Jx60Qd0=",
      "requires": {
        "balanced-match": "1.0.0",
        "concat-map": "0.0.1"
      }
    },
    "braces": {
      "version": "1.8.5",
      "resolved": "https://artifactory.swisscom.com:443/api/npm/oxd-ref-npm-virtual/braces/-/braces-1.8.5.tgz",
      "integrity": "sha1-uneWLhLf+WnWt2cR6RS3N4V79qc=",
      "requires": {
        "expand-range": "1.8.2",
        "preserve": "0.2.0",
        "repeat-element": "1.1.2"
      }
    },
    "buffer-from": {
      "version": "1.1.0",
      "resolved": "https://artifactory.swisscom.com:443/api/npm/oxd-ref-npm-virtual/buffer-from/-/buffer-from-1.1.0.tgz",
      "integrity": "sha1-h/yqOimDWOCt5uRCz86EB0DRrQQ="
    },
    "chalk": {
      "version": "1.1.3",
      "resolved": "https://artifactory.swisscom.com:443/api/npm/oxd-ref-npm-virtual/chalk/-/chalk-1.1.3.tgz",
      "integrity": "sha1-qBFcVeSnAv5NFQq9OHKCKn4J/Jg=",
      "requires": {
        "ansi-styles": "2.2.1",
        "escape-string-regexp": "1.0.5",
        "has-ansi": "2.0.0",
        "strip-ansi": "3.0.1",
        "supports-color": "2.0.0"
      }
    },
    "color-convert": {
      "version": "1.9.2",
      "resolved": "https://artifactory.swisscom.com:443/api/npm/oxd-ref-npm-virtual/color-convert/-/color-convert-1.9.2.tgz",
      "integrity": "sha1-SYgbj7pn3xKpa98/VsCqueeRMUc=",
      "requires": {
        "color-name": "1.1.1"
      }
    },
    "color-name": {
      "version": "1.1.1",
      "resolved": "https://artifactory.swisscom.com:443/api/npm/oxd-ref-npm-virtual/color-name/-/color-name-1.1.1.tgz",
      "integrity": "sha1-SxQVMEz1ACjqgWQ2Q72C6gWANok="
    },
    "commander": {
      "version": "2.15.1",
      "resolved": "https://artifactory.swisscom.com:443/api/npm/oxd-ref-npm-virtual/commander/-/commander-2.15.1.tgz",
      "integrity": "sha1-30boZ9D8Kuxmo0ZitAapzK//Ww8="
    },
    "concat-map": {
      "version": "0.0.1",
      "resolved": "https://artifactory.swisscom.com:443/api/npm/oxd-ref-npm-virtual/concat-map/-/concat-map-0.0.1.tgz",
      "integrity": "sha1-2Klr13/Wjfd5OnMDajug1UBdR3s="
    },
    "core-js": {
      "version": "2.5.7",
      "resolved": "https://artifactory.swisscom.com:443/api/npm/oxd-ref-npm-virtual/core-js/-/core-js-2.5.7.tgz",
      "integrity": "sha1-+XJgj/DOrWi4QaFqky0LGDeRgU4="
    },
    "core-util-is": {
      "version": "1.0.2",
      "resolved": "https://artifactory.swisscom.com:443/api/npm/oxd-ref-npm-virtual/core-util-is/-/core-util-is-1.0.2.tgz",
      "integrity": "sha1-tf1UIgqivFq1eqtxQMlAdUUDwac="
    },
    "cross-fetch": {
      "version": "2.0.0",
      "resolved": "https://artifactory.swisscom.com:443/api/npm/oxd-ref-npm-virtual/cross-fetch/-/cross-fetch-2.0.0.tgz",
      "integrity": "sha1-oXR1RJVh4PMlFGzqY2qGGe+5s4I=",
      "requires": {
        "node-fetch": "2.0.0",
        "whatwg-fetch": "2.0.3"
      }
    },
    "debug": {
      "version": "2.6.9",
      "resolved": "https://artifactory.swisscom.com:443/api/npm/oxd-ref-npm-virtual/debug/-/debug-2.6.9.tgz",
      "integrity": "sha1-XRKFFd8TT/Mn6QpMk/Tgd6U2NB8=",
      "requires": {
        "ms": "2.0.0"
      }
    },
    "deprecated-decorator": {
      "version": "0.1.6",
      "resolved": "https://artifactory.swisscom.com:443/api/npm/oxd-ref-npm-virtual/deprecated-decorator/-/deprecated-decorator-0.1.6.tgz",
      "integrity": "sha1-AJZjF7ehL+kvPMgx91g68ym4bDc="
    },
    "detect-file": {
      "version": "0.1.0",
      "resolved": "https://artifactory.swisscom.com:443/api/npm/oxd-ref-npm-virtual/detect-file/-/detect-file-0.1.0.tgz",
      "integrity": "sha1-STXe39lIhkjgBrASlWbpOGcR6mM=",
      "requires": {
        "fs-exists-sync": "0.1.0"
      }
    },
    "end-of-stream": {
      "version": "1.4.1",
      "resolved": "https://artifactory.swisscom.com:443/api/npm/oxd-ref-npm-virtual/end-of-stream/-/end-of-stream-1.4.1.tgz",
      "integrity": "sha1-7SljTRm6ukY7bOa4CjchPqtx7EM=",
      "requires": {
        "once": "1.4.0"
      }
    },
    "escape-string-regexp": {
      "version": "1.0.5",
      "resolved": "https://artifactory.swisscom.com:443/api/npm/oxd-ref-npm-virtual/escape-string-regexp/-/escape-string-regexp-1.0.5.tgz",
      "integrity": "sha1-G2HAViGQqN/2rjuyzwIAyhMLhtQ="
    },
    "esprima": {
      "version": "4.0.0",
      "resolved": "https://artifactory.swisscom.com:443/api/npm/oxd-ref-npm-virtual/esprima/-/esprima-4.0.0.tgz",
      "integrity": "sha1-RJnt3NERDgshi6zy+n9/WfVcqAQ="
    },
    "expand-brackets": {
      "version": "0.1.5",
      "resolved": "https://artifactory.swisscom.com:443/api/npm/oxd-ref-npm-virtual/expand-brackets/-/expand-brackets-0.1.5.tgz",
      "integrity": "sha1-3wcoTjQqgHzXM6xa9yQR5YHRF3s=",
      "requires": {
        "is-posix-bracket": "0.1.1"
      }
    },
    "expand-range": {
      "version": "1.8.2",
      "resolved": "https://artifactory.swisscom.com:443/api/npm/oxd-ref-npm-virtual/expand-range/-/expand-range-1.8.2.tgz",
      "integrity": "sha1-opnv/TNf4nIeuujiV+x5ZE/IUzc=",
      "requires": {
        "fill-range": "2.2.4"
      }
    },
    "expand-tilde": {
      "version": "1.2.2",
      "resolved": "https://artifactory.swisscom.com:443/api/npm/oxd-ref-npm-virtual/expand-tilde/-/expand-tilde-1.2.2.tgz",
      "integrity": "sha1-C4HrqJflo9MdHD0QL48BRB5VlEk=",
      "requires": {
        "os-homedir": "1.0.2"
      }
    },
    "extend": {
      "version": "3.0.1",
      "resolved": "https://artifactory.swisscom.com:443/api/npm/oxd-ref-npm-virtual/extend/-/extend-3.0.1.tgz",
      "integrity": "sha1-p1Xqe8Gt/MWjHOfnYtuq3F5jZEQ="
    },
    "extglob": {
      "version": "0.3.2",
      "resolved": "https://artifactory.swisscom.com:443/api/npm/oxd-ref-npm-virtual/extglob/-/extglob-0.3.2.tgz",
      "integrity": "sha1-Lhj/PS9JqydlzskCPwEdqo2DSaE=",
      "requires": {
        "is-extglob": "1.0.0"
      }
    },
    "fast-json-parse": {
      "version": "1.0.3",
      "resolved": "https://artifactory.swisscom.com:443/api/npm/oxd-ref-npm-virtual/fast-json-parse/-/fast-json-parse-1.0.3.tgz",
      "integrity": "sha1-Q+XGHuTvqSZWMwRrdw+2gqdXfE0="
    },
    "fast-json-stable-stringify": {
      "version": "2.0.0",
      "resolved": "https://artifactory.swisscom.com:443/api/npm/oxd-ref-npm-virtual/fast-json-stable-stringify/-/fast-json-stable-stringify-2.0.0.tgz",
      "integrity": "sha1-1RQsDK7msRifh9OnYREGT4bIu/I="
    },
    "fast-safe-stringify": {
      "version": "1.2.3",
      "resolved": "https://artifactory.swisscom.com:443/api/npm/oxd-ref-npm-virtual/fast-safe-stringify/-/fast-safe-stringify-1.2.3.tgz",
      "integrity": "sha1-n+IsN/svf4bwa48AQ3fb+PHue8E="
    },
    "filename-regex": {
      "version": "2.0.1",
      "resolved": "https://artifactory.swisscom.com:443/api/npm/oxd-ref-npm-virtual/filename-regex/-/filename-regex-2.0.1.tgz",
      "integrity": "sha1-wcS5vuPglyXdsQa3XB4wH+LxiyY="
    },
    "fill-range": {
      "version": "2.2.4",
      "resolved": "https://artifactory.swisscom.com:443/api/npm/oxd-ref-npm-virtual/fill-range/-/fill-range-2.2.4.tgz",
      "integrity": "sha1-6x53OrsFbc2N8r/favWbizqTZWU=",
      "requires": {
        "is-number": "2.1.0",
        "isobject": "2.1.0",
        "randomatic": "3.0.0",
        "repeat-element": "1.1.2",
        "repeat-string": "1.6.1"
      }
    },
    "findup-sync": {
      "version": "0.4.3",
      "resolved": "https://artifactory.swisscom.com:443/api/npm/oxd-ref-npm-virtual/findup-sync/-/findup-sync-0.4.3.tgz",
      "integrity": "sha1-QAQ5Kee8YK3wt/SCfExudaDeyhI=",
      "requires": {
        "detect-file": "0.1.0",
        "is-glob": "2.0.1",
        "micromatch": "2.3.11",
        "resolve-dir": "0.1.1"
      }
    },
    "flagged-respawn": {
      "version": "0.3.2",
      "resolved": "https://artifactory.swisscom.com:443/api/npm/oxd-ref-npm-virtual/flagged-respawn/-/flagged-respawn-0.3.2.tgz",
      "integrity": "sha1-/xke3c1wiKZ1smEP/8l2vpuAdLU="
    },
    "flatstr": {
      "version": "1.0.8",
      "resolved": "https://artifactory.swisscom.com:443/api/npm/oxd-ref-npm-virtual/flatstr/-/flatstr-1.0.8.tgz",
      "integrity": "sha1-DoSSKXUfK59qCRn46B4SKehLqQE="
    },
    "for-in": {
      "version": "1.0.2",
      "resolved": "https://artifactory.swisscom.com:443/api/npm/oxd-ref-npm-virtual/for-in/-/for-in-1.0.2.tgz",
      "integrity": "sha1-gQaNKVqBQuwKxybG4iAMMPttXoA="
    },
    "for-own": {
      "version": "0.1.5",
      "resolved": "https://artifactory.swisscom.com:443/api/npm/oxd-ref-npm-virtual/for-own/-/for-own-0.1.5.tgz",
      "integrity": "sha1-UmXGgaTylNq78XyVCbZ2OqhFEM4=",
      "requires": {
        "for-in": "1.0.2"
      }
    },
    "fs-exists-sync": {
      "version": "0.1.0",
      "resolved": "https://artifactory.swisscom.com:443/api/npm/oxd-ref-npm-virtual/fs-exists-sync/-/fs-exists-sync-0.1.0.tgz",
      "integrity": "sha1-mC1ok6+RjnLQjeyehnP/K1qNat0="
    },
    "fs.realpath": {
      "version": "1.0.0",
      "resolved": "https://artifactory.swisscom.com:443/api/npm/oxd-ref-npm-virtual/fs.realpath/-/fs.realpath-1.0.0.tgz",
      "integrity": "sha1-FQStJSMVjKpA20onh8sBQRmU6k8="
    },
    "generic-pool": {
      "version": "2.5.4",
      "resolved": "https://artifactory.swisscom.com:443/api/npm/oxd-ref-npm-virtual/generic-pool/-/generic-pool-2.5.4.tgz",
      "integrity": "sha1-OMYYhRPhQDCUjsblz2VSPZd5KZs="
    },
    "glob": {
      "version": "7.1.2",
      "resolved": "https://artifactory.swisscom.com:443/api/npm/oxd-ref-npm-virtual/glob/-/glob-7.1.2.tgz",
      "integrity": "sha1-wZyd+aAocC1nhhI4SmVSQExjbRU=",
      "requires": {
        "fs.realpath": "1.0.0",
        "inflight": "1.0.6",
        "inherits": "2.0.3",
        "minimatch": "3.0.4",
        "once": "1.4.0",
        "path-is-absolute": "1.0.1"
      }
    },
    "glob-base": {
      "version": "0.3.0",
      "resolved": "https://artifactory.swisscom.com:443/api/npm/oxd-ref-npm-virtual/glob-base/-/glob-base-0.3.0.tgz",
      "integrity": "sha1-27Fk9iIbHAscz4Kuoyi0l98Oo8Q=",
      "requires": {
        "glob-parent": "2.0.0",
        "is-glob": "2.0.1"
      }
    },
    "glob-parent": {
      "version": "2.0.0",
      "resolved": "https://artifactory.swisscom.com:443/api/npm/oxd-ref-npm-virtual/glob-parent/-/glob-parent-2.0.0.tgz",
      "integrity": "sha1-gTg9ctsFT8zPUzbaqQLxgvbtuyg=",
      "requires": {
        "is-glob": "2.0.1"
      }
    },
    "global-modules": {
      "version": "0.2.3",
      "resolved": "https://artifactory.swisscom.com:443/api/npm/oxd-ref-npm-virtual/global-modules/-/global-modules-0.2.3.tgz",
      "integrity": "sha1-6lo77ULG1s6ZWk+KEmm12uIjgo0=",
      "requires": {
        "global-prefix": "0.1.5",
        "is-windows": "0.2.0"
      }
    },
    "global-prefix": {
      "version": "0.1.5",
      "resolved": "https://artifactory.swisscom.com:443/api/npm/oxd-ref-npm-virtual/global-prefix/-/global-prefix-0.1.5.tgz",
      "integrity": "sha1-jTvGuNo8qBEqFg2NSW/wRiv+948=",
      "requires": {
        "homedir-polyfill": "1.0.1",
        "ini": "1.3.5",
        "is-windows": "0.2.0",
        "which": "1.3.1"
      }
    },
    "graphql": {
      "version": "0.13.2",
      "resolved": "https://artifactory.swisscom.com:443/api/npm/oxd-ref-npm-virtual/graphql/-/graphql-0.13.2.tgz",
      "integrity": "sha1-THQK48Iigj5wBAlvgy57k7IQgnA=",
      "requires": {
        "iterall": "1.2.2"
      }
    },
    "graphql-config": {
      "version": "2.0.0",
      "resolved": "https://artifactory.swisscom.com:443/api/npm/oxd-ref-npm-virtual/graphql-config/-/graphql-config-2.0.0.tgz",
      "integrity": "sha1-2vaQkQVcb2ddY4k6LRTEjz/sMyc=",
      "requires": {
        "graphql-import": "0.4.5",
        "graphql-request": "1.6.0",
        "js-yaml": "3.12.0",
        "lodash": "4.17.10",
        "minimatch": "3.0.4"
      }
    },
    "graphql-depth-limit": {
      "version": "1.1.0",
      "resolved": "https://artifactory.swisscom.com:443/api/npm/oxd-ref-npm-virtual/graphql-depth-limit/-/graphql-depth-limit-1.1.0.tgz",
      "integrity": "sha1-Wf5rKs6gqzDuc0T0x13znMGCROg=",
      "requires": {
        "arrify": "1.0.1"
      }
    },
    "graphql-extensions": {
      "version": "0.0.10",
      "resolved": "https://artifactory.swisscom.com:443/api/npm/oxd-ref-npm-virtual/graphql-extensions/-/graphql-extensions-0.0.10.tgz",
      "integrity": "sha1-NL2yVG1D9qW8iasjwpXsBGbGhD0=",
      "requires": {
        "core-js": "2.5.7",
        "source-map-support": "0.5.6"
      }
    },
    "graphql-import": {
      "version": "0.4.5",
      "resolved": "https://artifactory.swisscom.com:443/api/npm/oxd-ref-npm-virtual/graphql-import/-/graphql-import-0.4.5.tgz",
      "integrity": "sha1-4vGMKNM1cz9G344HM9jescbipkU=",
      "requires": {
        "lodash": "4.17.10"
      }
    },
    "graphql-playground-html": {
      "version": "1.6.0",
      "resolved": "https://artifactory.swisscom.com:443/api/npm/oxd-ref-npm-virtual/graphql-playground-html/-/graphql-playground-html-1.6.0.tgz",
      "integrity": "sha1-bsTVQyWrLlNSUG/bies3w/xxi/g=",
      "requires": {
        "graphql-config": "2.0.0"
      }
    },
    "graphql-playground-middleware-koa": {
      "version": "1.6.1",
      "resolved": "https://artifactory.swisscom.com:443/api/npm/oxd-ref-npm-virtual/graphql-playground-middleware-koa/-/graphql-playground-middleware-koa-1.6.1.tgz",
      "integrity": "sha1-S1BWzhUTbP5GZ+b0OLMfQkLqXjk=",
      "requires": {
        "graphql-playground-html": "1.6.0"
      }
    },
    "graphql-request": {
      "version": "1.6.0",
      "resolved": "https://artifactory.swisscom.com:443/api/npm/oxd-ref-npm-virtual/graphql-request/-/graphql-request-1.6.0.tgz",
      "integrity": "sha1-r+h88qM2rKuwzCqHWQAgLtqJ9BI=",
      "requires": {
        "cross-fetch": "2.0.0"
      }
    },
    "graphql-tools": {
      "version": "2.24.0",
      "resolved": "https://artifactory.swisscom.com:443/api/npm/oxd-ref-npm-virtual/graphql-tools/-/graphql-tools-2.24.0.tgz",
      "integrity": "sha1-u6yq0DkkASoO24c1peZd9dVWNnU=",
      "requires": {
        "apollo-link": "1.2.2",
        "apollo-utilities": "1.0.16",
        "deprecated-decorator": "0.1.6",
        "iterall": "1.2.2",
        "uuid": "3.2.1"
      }
    },
    "graphql-type-json": {
      "version": "0.2.1",
      "resolved": "https://artifactory.swisscom.com:443/api/npm/oxd-ref-npm-virtual/graphql-type-json/-/graphql-type-json-0.2.1.tgz",
      "integrity": "sha1-0sF34vGxfYf4EHLNBTEcB1S6pCA="
    },
    "has-ansi": {
      "version": "2.0.0",
      "resolved": "https://artifactory.swisscom.com:443/api/npm/oxd-ref-npm-virtual/has-ansi/-/has-ansi-2.0.0.tgz",
      "integrity": "sha1-NPUEnOHs3ysGSa8+8k5F7TVBbZE=",
      "requires": {
        "ansi-regex": "2.1.1"
      }
    },
    "has-flag": {
      "version": "3.0.0",
      "resolved": "https://artifactory.swisscom.com:443/api/npm/oxd-ref-npm-virtual/has-flag/-/has-flag-3.0.0.tgz",
      "integrity": "sha1-tdRU3CGZriJWmfNGfloH87lVuv0="
    },
    "homedir-polyfill": {
      "version": "1.0.1",
      "resolved": "https://artifactory.swisscom.com:443/api/npm/oxd-ref-npm-virtual/homedir-polyfill/-/homedir-polyfill-1.0.1.tgz",
      "integrity": "sha1-TCu8inWJmP7r9e1oWA921GdotLw=",
      "requires": {
        "parse-passwd": "1.0.0"
      }
    },
    "inflight": {
      "version": "1.0.6",
      "resolved": "https://artifactory.swisscom.com:443/api/npm/oxd-ref-npm-virtual/inflight/-/inflight-1.0.6.tgz",
      "integrity": "sha1-Sb1jMdfQLQwJvJEKEHW6gWW1bfk=",
      "requires": {
        "once": "1.4.0",
        "wrappy": "1.0.2"
      }
    },
    "inherits": {
      "version": "2.0.3",
      "resolved": "https://artifactory.swisscom.com:443/api/npm/oxd-ref-npm-virtual/inherits/-/inherits-2.0.3.tgz",
      "integrity": "sha1-Yzwsg+PaQqUC9SRmAiSA9CCCYd4="
    },
    "ini": {
      "version": "1.3.5",
      "resolved": "https://artifactory.swisscom.com:443/api/npm/oxd-ref-npm-virtual/ini/-/ini-1.3.5.tgz",
      "integrity": "sha1-7uJfVtscnsYIXgwid4CD9Zar+Sc="
    },
    "interpret": {
      "version": "0.6.6",
      "resolved": "https://artifactory.swisscom.com:443/api/npm/oxd-ref-npm-virtual/interpret/-/interpret-0.6.6.tgz",
      "integrity": "sha1-/s16GOfOXKar+5U+H4YhOknxYls="
    },
    "is-buffer": {
      "version": "1.1.6",
      "resolved": "https://artifactory.swisscom.com:443/api/npm/oxd-ref-npm-virtual/is-buffer/-/is-buffer-1.1.6.tgz",
      "integrity": "sha1-76ouqdqg16suoTqXsritUf776L4="
    },
    "is-dotfile": {
      "version": "1.0.3",
      "resolved": "https://artifactory.swisscom.com:443/api/npm/oxd-ref-npm-virtual/is-dotfile/-/is-dotfile-1.0.3.tgz",
      "integrity": "sha1-pqLzL/0t+wT1yiXs0Pa4PPeYoeE="
    },
    "is-equal-shallow": {
      "version": "0.1.3",
      "resolved": "https://artifactory.swisscom.com:443/api/npm/oxd-ref-npm-virtual/is-equal-shallow/-/is-equal-shallow-0.1.3.tgz",
      "integrity": "sha1-IjgJj8Ih3gvPpdnqxMRdY4qhxTQ=",
      "requires": {
        "is-primitive": "2.0.0"
      }
    },
    "is-extendable": {
      "version": "0.1.1",
      "resolved": "https://artifactory.swisscom.com:443/api/npm/oxd-ref-npm-virtual/is-extendable/-/is-extendable-0.1.1.tgz",
      "integrity": "sha1-YrEQ4omkcUGOPsNqYX1HLjAd/Ik="
    },
    "is-extglob": {
      "version": "1.0.0",
      "resolved": "https://artifactory.swisscom.com:443/api/npm/oxd-ref-npm-virtual/is-extglob/-/is-extglob-1.0.0.tgz",
      "integrity": "sha1-rEaBd8SUNAWgkvyPKXYMb/xiBsA="
    },
    "is-glob": {
      "version": "2.0.1",
      "resolved": "https://artifactory.swisscom.com:443/api/npm/oxd-ref-npm-virtual/is-glob/-/is-glob-2.0.1.tgz",
      "integrity": "sha1-0Jb5JqPe1WAPP9/ZEZjLCIjC2GM=",
      "requires": {
        "is-extglob": "1.0.0"
      }
    },
    "is-number": {
      "version": "2.1.0",
      "resolved": "https://artifactory.swisscom.com:443/api/npm/oxd-ref-npm-virtual/is-number/-/is-number-2.1.0.tgz",
      "integrity": "sha1-Afy7s5NGOlSPL0ZszhbezknbkI8=",
      "requires": {
        "kind-of": "3.2.2"
      }
    },
    "is-posix-bracket": {
      "version": "0.1.1",
      "resolved": "https://artifactory.swisscom.com:443/api/npm/oxd-ref-npm-virtual/is-posix-bracket/-/is-posix-bracket-0.1.1.tgz",
      "integrity": "sha1-MzTceXdDaOkvAW5vvAqI9c1ua8Q="
    },
    "is-primitive": {
      "version": "2.0.0",
      "resolved": "https://artifactory.swisscom.com:443/api/npm/oxd-ref-npm-virtual/is-primitive/-/is-primitive-2.0.0.tgz",
      "integrity": "sha1-IHurkWOEmcB7Kt8kCkGochADRXU="
    },
    "is-windows": {
      "version": "0.2.0",
      "resolved": "https://artifactory.swisscom.com:443/api/npm/oxd-ref-npm-virtual/is-windows/-/is-windows-0.2.0.tgz",
      "integrity": "sha1-3hqm1j6indJIc3tp8f+LgALSEIw="
    },
    "isarray": {
      "version": "1.0.0",
      "resolved": "https://artifactory.swisscom.com:443/api/npm/oxd-ref-npm-virtual/isarray/-/isarray-1.0.0.tgz",
      "integrity": "sha1-u5NdSFgsuhaMBoNJV6VKPgcSTxE="
    },
    "isexe": {
      "version": "2.0.0",
      "resolved": "https://artifactory.swisscom.com:443/api/npm/oxd-ref-npm-virtual/isexe/-/isexe-2.0.0.tgz",
      "integrity": "sha1-6PvzdNxVb/iUehDcsFctYz8s+hA="
    },
    "isobject": {
      "version": "2.1.0",
      "resolved": "https://artifactory.swisscom.com:443/api/npm/oxd-ref-npm-virtual/isobject/-/isobject-2.1.0.tgz",
      "integrity": "sha1-8GVWEJaj8dou9GJy+BXIQNh+DIk=",
      "requires": {
        "isarray": "1.0.0"
      }
    },
    "iterall": {
      "version": "1.2.2",
      "resolved": "https://artifactory.swisscom.com:443/api/npm/oxd-ref-npm-virtual/iterall/-/iterall-1.2.2.tgz",
      "integrity": "sha1-ktcN64Ao4MOf8xZP2/TYsIgTDNc="
    },
    "joi-json": {
      "version": "2.0.1",
      "resolved": "https://artifactory.swisscom.com:443/api/npm/oxd-ref-npm-virtual/joi-json/-/joi-json-2.0.1.tgz",
      "integrity": "sha1-uEnXxVZI750rjgqDE8z3KW+kLto=",
      "requires": {
        "vandium-utils": "1.2.0"
      }
    },
    "js-yaml": {
      "version": "3.12.0",
      "resolved": "https://artifactory.swisscom.com:443/api/npm/oxd-ref-npm-virtual/js-yaml/-/js-yaml-3.12.0.tgz",
      "integrity": "sha1-6u1lbsg0TxD1J8a/obbiJE3hZ9E=",
      "requires": {
        "argparse": "1.0.10",
        "esprima": "4.0.0"
      }
    },
    "kind-of": {
      "version": "3.2.2",
      "resolved": "https://artifactory.swisscom.com:443/api/npm/oxd-ref-npm-virtual/kind-of/-/kind-of-3.2.2.tgz",
      "integrity": "sha1-MeohpzS6ubuw8yRm2JOupR5KPGQ=",
      "requires": {
        "is-buffer": "1.1.6"
      }
    },
    "knex": {
      "version": "0.13.0",
      "resolved": "https://artifactory.swisscom.com:443/api/npm/oxd-ref-npm-virtual/knex/-/knex-0.13.0.tgz",
      "integrity": "sha1-CN1JT2u2SSiTTuydrDR4ehTKX6Q=",
      "requires": {
        "babel-runtime": "6.26.0",
        "bluebird": "3.5.1",
        "chalk": "1.1.3",
        "commander": "2.15.1",
        "debug": "2.6.9",
        "generic-pool": "2.5.4",
        "inherits": "2.0.3",
        "interpret": "0.6.6",
        "liftoff": "2.2.5",
        "lodash": "4.17.10",
        "minimist": "1.1.3",
        "mkdirp": "0.5.1",
        "pg-connection-string": "0.1.3",
        "readable-stream": "1.1.14",
        "safe-buffer": "5.1.2",
        "tildify": "1.0.0",
        "uuid": "3.2.1",
        "v8flags": "2.1.1"
      }
    },
    "liftoff": {
      "version": "2.2.5",
      "resolved": "https://artifactory.swisscom.com:443/api/npm/oxd-ref-npm-virtual/liftoff/-/liftoff-2.2.5.tgz",
      "integrity": "sha1-mYwods/0hLED5EI7k9NW2kRzTJE=",
      "requires": {
        "extend": "3.0.1",
        "findup-sync": "0.4.3",
        "flagged-respawn": "0.3.2",
        "rechoir": "0.6.2",
        "resolve": "1.8.1"
      }
    },
    "lodash": {
      "version": "4.17.10",
      "resolved": "https://artifactory.swisscom.com:443/api/npm/oxd-ref-npm-virtual/lodash/-/lodash-4.17.10.tgz",
      "integrity": "sha1-G3eTz3JZ6jj7NmHU04syYK+K5Oc="
    },
    "math-random": {
      "version": "1.0.1",
      "resolved": "https://artifactory.swisscom.com:443/api/npm/oxd-ref-npm-virtual/math-random/-/math-random-1.0.1.tgz",
      "integrity": "sha1-izqsWIuKZuSXXjzepn97sylgH6w="
    },
    "micromatch": {
      "version": "2.3.11",
      "resolved": "https://artifactory.swisscom.com:443/api/npm/oxd-ref-npm-virtual/micromatch/-/micromatch-2.3.11.tgz",
      "integrity": "sha1-hmd8l9FyCzY0MdBNDRUpO9OMFWU=",
      "requires": {
        "arr-diff": "2.0.0",
        "array-unique": "0.2.1",
        "braces": "1.8.5",
        "expand-brackets": "0.1.5",
        "extglob": "0.3.2",
        "filename-regex": "2.0.1",
        "is-extglob": "1.0.0",
        "is-glob": "2.0.1",
        "kind-of": "3.2.2",
        "normalize-path": "2.1.1",
        "object.omit": "2.0.1",
        "parse-glob": "3.0.4",
        "regex-cache": "0.4.4"
      }
    },
    "minimatch": {
      "version": "3.0.4",
      "resolved": "https://artifactory.swisscom.com:443/api/npm/oxd-ref-npm-virtual/minimatch/-/minimatch-3.0.4.tgz",
      "integrity": "sha1-UWbihkV/AzBgZL5Ul+jbsMPTIIM=",
      "requires": {
        "brace-expansion": "1.1.11"
      }
    },
    "minimist": {
      "version": "1.1.3",
      "resolved": "https://artifactory.swisscom.com:443/api/npm/oxd-ref-npm-virtual/minimist/-/minimist-1.1.3.tgz",
      "integrity": "sha1-O+39kaktOQFvz6ocaB6Pqhoe/ag="
    },
    "mkdirp": {
      "version": "0.5.1",
      "resolved": "https://artifactory.swisscom.com:443/api/npm/oxd-ref-npm-virtual/mkdirp/-/mkdirp-0.5.1.tgz",
      "integrity": "sha1-MAV0OOrGz3+MR2fzhkjWaX11yQM=",
      "requires": {
        "minimist": "0.0.8"
      },
      "dependencies": {
        "minimist": {
          "version": "0.0.8",
          "resolved": "https://artifactory.swisscom.com:443/api/npm/oxd-ref-npm-virtual/minimist/-/minimist-0.0.8.tgz",
          "integrity": "sha1-hX/Kv8M5fSYluCKCYuhqp6ARsF0="
        }
      }
    },
    "ms": {
      "version": "2.0.0",
      "resolved": "https://artifactory.swisscom.com:443/api/npm/oxd-ref-npm-virtual/ms/-/ms-2.0.0.tgz",
      "integrity": "sha1-VgiurfwAvmwpAd9fmGF4jeDVl8g="
    },
    "node-fetch": {
      "version": "2.0.0",
      "resolved": "https://artifactory.swisscom.com:443/api/npm/oxd-ref-npm-virtual/node-fetch/-/node-fetch-2.0.0.tgz",
      "integrity": "sha1-mCu6Q+zU8pIqKcwYamu7C7c/y6Y="
    },
    "normalize-path": {
      "version": "2.1.1",
      "resolved": "https://artifactory.swisscom.com:443/api/npm/oxd-ref-npm-virtual/normalize-path/-/normalize-path-2.1.1.tgz",
      "integrity": "sha1-GrKLVW4Zg2Oowab35vogE3/mrtk=",
      "requires": {
        "remove-trailing-separator": "1.1.0"
      }
    },
    "object.omit": {
      "version": "2.0.1",
      "resolved": "https://artifactory.swisscom.com:443/api/npm/oxd-ref-npm-virtual/object.omit/-/object.omit-2.0.1.tgz",
      "integrity": "sha1-Gpx0SCnznbuFjHbKNXmuKlTr0fo=",
      "requires": {
        "for-own": "0.1.5",
        "is-extendable": "0.1.1"
      }
    },
    "once": {
      "version": "1.4.0",
      "resolved": "https://artifactory.swisscom.com:443/api/npm/oxd-ref-npm-virtual/once/-/once-1.4.0.tgz",
      "integrity": "sha1-WDsap3WWHUsROsF9nFC6753Xa9E=",
      "requires": {
        "wrappy": "1.0.2"
      }
    },
    "os-homedir": {
      "version": "1.0.2",
      "resolved": "https://artifactory.swisscom.com:443/api/npm/oxd-ref-npm-virtual/os-homedir/-/os-homedir-1.0.2.tgz",
      "integrity": "sha1-/7xJiDNuDoM94MFox+8VISGqf7M="
    },
    "parse-glob": {
      "version": "3.0.4",
      "resolved": "https://artifactory.swisscom.com:443/api/npm/oxd-ref-npm-virtual/parse-glob/-/parse-glob-3.0.4.tgz",
      "integrity": "sha1-ssN2z7EfNVE7rdFz7wu246OIORw=",
      "requires": {
        "glob-base": "0.3.0",
        "is-dotfile": "1.0.3",
        "is-extglob": "1.0.0",
        "is-glob": "2.0.1"
      }
    },
    "parse-passwd": {
      "version": "1.0.0",
      "resolved": "https://artifactory.swisscom.com:443/api/npm/oxd-ref-npm-virtual/parse-passwd/-/parse-passwd-1.0.0.tgz",
      "integrity": "sha1-bVuTSkVpk7I9N/QKOC1vFmao5cY="
    },
    "path-is-absolute": {
      "version": "1.0.1",
      "resolved": "https://artifactory.swisscom.com:443/api/npm/oxd-ref-npm-virtual/path-is-absolute/-/path-is-absolute-1.0.1.tgz",
      "integrity": "sha1-F0uSaHNVNP+8es5r9TpanhtcX18="
    },
    "path-parse": {
      "version": "1.0.5",
      "resolved": "https://artifactory.swisscom.com:443/api/npm/oxd-ref-npm-virtual/path-parse/-/path-parse-1.0.5.tgz",
      "integrity": "sha1-PBrfhx6pzWyUMbbqK9dKD/BVxME="
    },
    "pg-connection-string": {
      "version": "0.1.3",
      "resolved": "https://artifactory.swisscom.com:443/api/npm/oxd-ref-npm-virtual/pg-connection-string/-/pg-connection-string-0.1.3.tgz",
      "integrity": "sha1-2hhHsglA5C7hSSvq9l1J2RskXfc="
    },
    "pino": {
      "version": "4.17.3",
      "resolved": "https://artifactory.swisscom.com:443/api/npm/oxd-ref-npm-virtual/pino/-/pino-4.17.3.tgz",
      "integrity": "sha1-NTbqNvYlg1a6iJHRjb8a/tQfzwk=",
      "requires": {
        "chalk": "2.4.1",
        "fast-json-parse": "1.0.3",
        "fast-safe-stringify": "1.2.3",
        "flatstr": "1.0.8",
        "pino-std-serializers": "2.1.0",
        "pump": "3.0.0",
        "quick-format-unescaped": "1.1.2",
        "split2": "2.2.0"
      },
      "dependencies": {
        "ansi-styles": {
          "version": "3.2.1",
          "resolved": "https://artifactory.swisscom.com:443/api/npm/oxd-ref-npm-virtual/ansi-styles/-/ansi-styles-3.2.1.tgz",
          "integrity": "sha1-QfuyAkPlCxK+DwS43tvwdSDOhB0=",
          "requires": {
            "color-convert": "1.9.2"
          }
        },
        "chalk": {
          "version": "2.4.1",
          "resolved": "https://artifactory.swisscom.com:443/api/npm/oxd-ref-npm-virtual/chalk/-/chalk-2.4.1.tgz",
          "integrity": "sha1-GMSasWoDe26wFSzIPjRxM4IVtm4=",
          "requires": {
            "ansi-styles": "3.2.1",
            "escape-string-regexp": "1.0.5",
            "supports-color": "5.4.0"
          }
        },
        "supports-color": {
          "version": "5.4.0",
          "resolved": "https://artifactory.swisscom.com:443/api/npm/oxd-ref-npm-virtual/supports-color/-/supports-color-5.4.0.tgz",
          "integrity": "sha1-HGszdALCE3YF7+GfEP7DkPb6q1Q=",
          "requires": {
            "has-flag": "3.0.0"
          }
        }
      }
    },
    "pino-std-serializers": {
      "version": "2.1.0",
      "resolved": "https://artifactory.swisscom.com:443/api/npm/oxd-ref-npm-virtual/pino-std-serializers/-/pino-std-serializers-2.1.0.tgz",
      "integrity": "sha1-AZU9yuzV9DszHs8uMSpJyf1khRw="
    },
    "pluralize": {
      "version": "7.0.0",
      "resolved": "https://artifactory.swisscom.com:443/api/npm/oxd-ref-npm-virtual/pluralize/-/pluralize-7.0.0.tgz",
      "integrity": "sha1-KYuJ34uTsCIdv0Ia0rGx6iP8Z3c="
    },
    "preserve": {
      "version": "0.2.0",
      "resolved": "https://artifactory.swisscom.com:443/api/npm/oxd-ref-npm-virtual/preserve/-/preserve-0.2.0.tgz",
      "integrity": "sha1-gV7R9uvGWSb4ZbMQwHE7yzMVzks="
    },
    "process-nextick-args": {
      "version": "2.0.0",
      "resolved": "https://artifactory.swisscom.com:443/api/npm/oxd-ref-npm-virtual/process-nextick-args/-/process-nextick-args-2.0.0.tgz",
      "integrity": "sha1-o31zL0JxtKsa0HDTVQjoKQeI/6o="
    },
    "pump": {
      "version": "3.0.0",
      "resolved": "https://artifactory.swisscom.com:443/api/npm/oxd-ref-npm-virtual/pump/-/pump-3.0.0.tgz",
      "integrity": "sha1-tKIRaBW94vTh6mAjVOjHVWUQemQ=",
      "requires": {
        "end-of-stream": "1.4.1",
        "once": "1.4.0"
      }
    },
    "quick-format-unescaped": {
      "version": "1.1.2",
      "resolved": "https://artifactory.swisscom.com:443/api/npm/oxd-ref-npm-virtual/quick-format-unescaped/-/quick-format-unescaped-1.1.2.tgz",
      "integrity": "sha1-DKWB3jF0vs7yWsPC6JVjQjgdtpg=",
      "requires": {
        "fast-safe-stringify": "1.2.3"
      }
    },
    "randomatic": {
      "version": "3.0.0",
      "resolved": "https://artifactory.swisscom.com:443/api/npm/oxd-ref-npm-virtual/randomatic/-/randomatic-3.0.0.tgz",
      "integrity": "sha1-01SQAw6091eN4pLObfsEqRoSiSM=",
      "requires": {
        "is-number": "4.0.0",
        "kind-of": "6.0.2",
        "math-random": "1.0.1"
      },
      "dependencies": {
        "is-number": {
          "version": "4.0.0",
          "resolved": "https://artifactory.swisscom.com:443/api/npm/oxd-ref-npm-virtual/is-number/-/is-number-4.0.0.tgz",
          "integrity": "sha1-ACbjf1RU1z41bf5lZGmYZ8an8P8="
        },
        "kind-of": {
          "version": "6.0.2",
          "resolved": "https://artifactory.swisscom.com:443/api/npm/oxd-ref-npm-virtual/kind-of/-/kind-of-6.0.2.tgz",
          "integrity": "sha1-ARRrNqYhjmTljzqNZt5df8b20FE="
        }
      }
    },
    "readable-stream": {
      "version": "1.1.14",
      "resolved": "https://artifactory.swisscom.com:443/api/npm/oxd-ref-npm-virtual/readable-stream/-/readable-stream-1.1.14.tgz",
      "integrity": "sha1-fPTFTvZI44EwhMY23SB54WbAgdk=",
      "requires": {
        "core-util-is": "1.0.2",
        "inherits": "2.0.3",
        "isarray": "0.0.1",
        "string_decoder": "0.10.31"
      },
      "dependencies": {
        "isarray": {
          "version": "0.0.1",
          "resolved": "https://artifactory.swisscom.com:443/api/npm/oxd-ref-npm-virtual/isarray/-/isarray-0.0.1.tgz",
          "integrity": "sha1-ihis/Kmo9Bd+Cav8YDiTmwXR7t8="
        }
      }
    },
    "rechoir": {
      "version": "0.6.2",
      "resolved": "https://artifactory.swisscom.com:443/api/npm/oxd-ref-npm-virtual/rechoir/-/rechoir-0.6.2.tgz",
      "integrity": "sha1-hSBLVNuoLVdC4oyWdW70OvUOM4Q=",
      "requires": {
        "resolve": "1.8.1"
      }
    },
    "regenerator-runtime": {
      "version": "0.11.1",
      "resolved": "https://artifactory.swisscom.com:443/api/npm/oxd-ref-npm-virtual/regenerator-runtime/-/regenerator-runtime-0.11.1.tgz",
      "integrity": "sha1-vgWtf5v30i4Fb5cmzuUBf78Z4uk="
    },
    "regex-cache": {
      "version": "0.4.4",
      "resolved": "https://artifactory.swisscom.com:443/api/npm/oxd-ref-npm-virtual/regex-cache/-/regex-cache-0.4.4.tgz",
      "integrity": "sha1-db3FiioUls7EihKDW8VMjVYjNt0=",
      "requires": {
        "is-equal-shallow": "0.1.3"
      }
    },
    "remove-trailing-separator": {
      "version": "1.1.0",
      "resolved": "https://artifactory.swisscom.com:443/api/npm/oxd-ref-npm-virtual/remove-trailing-separator/-/remove-trailing-separator-1.1.0.tgz",
      "integrity": "sha1-wkvOKig62tW8P1jg1IJJuSN52O8="
    },
    "repeat-element": {
      "version": "1.1.2",
      "resolved": "https://artifactory.swisscom.com:443/api/npm/oxd-ref-npm-virtual/repeat-element/-/repeat-element-1.1.2.tgz",
      "integrity": "sha1-7wiaF40Ug7quTZPrmLT55OEdmQo="
    },
    "repeat-string": {
      "version": "1.6.1",
      "resolved": "https://artifactory.swisscom.com:443/api/npm/oxd-ref-npm-virtual/repeat-string/-/repeat-string-1.6.1.tgz",
      "integrity": "sha1-jcrkcOHIirwtYA//Sndihtp15jc="
    },
    "resolve": {
      "version": "1.8.1",
      "resolved": "https://artifactory.swisscom.com:443/api/npm/oxd-ref-npm-virtual/resolve/-/resolve-1.8.1.tgz",
      "integrity": "sha1-gvHsGaQjrB+9CAsLqwa6NuhKeiY=",
      "requires": {
        "path-parse": "1.0.5"
      }
    },
    "resolve-dir": {
      "version": "0.1.1",
      "resolved": "https://artifactory.swisscom.com:443/api/npm/oxd-ref-npm-virtual/resolve-dir/-/resolve-dir-0.1.1.tgz",
      "integrity": "sha1-shklmlYC+sXFxJatiUpujMQwJh4=",
      "requires": {
        "expand-tilde": "1.2.2",
        "global-modules": "0.2.3"
      }
    },
    "safe-buffer": {
      "version": "5.1.2",
      "resolved": "https://artifactory.swisscom.com:443/api/npm/oxd-ref-npm-virtual/safe-buffer/-/safe-buffer-5.1.2.tgz",
      "integrity": "sha1-mR7GnSluAxN0fVm9/St0XDX4go0="
    },
    "source-map": {
      "version": "0.6.1",
      "resolved": "https://artifactory.swisscom.com:443/api/npm/oxd-ref-npm-virtual/source-map/-/source-map-0.6.1.tgz",
      "integrity": "sha1-dHIq8y6WFOnCh6jQu95IteLxomM="
    },
    "source-map-support": {
      "version": "0.5.6",
      "resolved": "https://artifactory.swisscom.com:443/api/npm/oxd-ref-npm-virtual/source-map-support/-/source-map-support-0.5.6.tgz",
      "integrity": "sha1-RDXO5Gsaq2K46GEM5g94gJHFHBM=",
      "requires": {
        "buffer-from": "1.1.0",
        "source-map": "0.6.1"
      }
    },
    "split2": {
      "version": "2.2.0",
      "resolved": "https://artifactory.swisscom.com:443/api/npm/oxd-ref-npm-virtual/split2/-/split2-2.2.0.tgz",
      "integrity": "sha1-GGsldbz4PoW30YRldWI47k7kJJM=",
      "requires": {
        "through2": "2.0.3"
      }
    },
    "sprintf-js": {
      "version": "1.0.3",
      "resolved": "https://artifactory.swisscom.com:443/api/npm/oxd-ref-npm-virtual/sprintf-js/-/sprintf-js-1.0.3.tgz",
      "integrity": "sha1-BOaSb2YolTVPPdAVIDYzuFcpfiw="
    },
    "strapi-utils": {
      "version": "3.0.0-alpha.12.5",
      "resolved": "https://artifactory.swisscom.com:443/api/npm/oxd-ref-npm-virtual/strapi-utils/-/strapi-utils-3.0.0-alpha.12.5.tgz",
      "integrity": "sha1-c+ypJMeYnFE7dNMuE7kcJRrhlbQ=",
      "requires": {
        "commander": "2.15.1",
        "joi-json": "2.0.1",
        "knex": "0.13.0",
        "lodash": "4.17.10",
        "pino": "4.17.3"
      }
    },
    "string_decoder": {
      "version": "0.10.31",
      "resolved": "https://artifactory.swisscom.com:443/api/npm/oxd-ref-npm-virtual/string_decoder/-/string_decoder-0.10.31.tgz",
      "integrity": "sha1-YuIDvEF2bGwoyfyEMB2rHFMQ+pQ="
    },
    "strip-ansi": {
      "version": "3.0.1",
      "resolved": "https://artifactory.swisscom.com:443/api/npm/oxd-ref-npm-virtual/strip-ansi/-/strip-ansi-3.0.1.tgz",
      "integrity": "sha1-ajhfuIU9lS1f8F0Oiq+UJ43GPc8=",
      "requires": {
        "ansi-regex": "2.1.1"
      }
    },
    "supports-color": {
      "version": "2.0.0",
      "resolved": "https://artifactory.swisscom.com:443/api/npm/oxd-ref-npm-virtual/supports-color/-/supports-color-2.0.0.tgz",
      "integrity": "sha1-U10EXOa2Nj+kARcIRimZXp3zJMc="
    },
    "through2": {
      "version": "2.0.3",
      "resolved": "https://artifactory.swisscom.com:443/api/npm/oxd-ref-npm-virtual/through2/-/through2-2.0.3.tgz",
      "integrity": "sha1-AARWmzfHx0ujnEPzzteNGtlBQL4=",
      "requires": {
        "readable-stream": "2.3.6",
        "xtend": "4.0.1"
      },
      "dependencies": {
        "readable-stream": {
          "version": "2.3.6",
          "resolved": "https://artifactory.swisscom.com:443/api/npm/oxd-ref-npm-virtual/readable-stream/-/readable-stream-2.3.6.tgz",
          "integrity": "sha1-sRwn2IuP8fvgcGQ8+UsMea4bCq8=",
          "requires": {
            "core-util-is": "1.0.2",
            "inherits": "2.0.3",
            "isarray": "1.0.0",
            "process-nextick-args": "2.0.0",
            "safe-buffer": "5.1.2",
            "string_decoder": "1.1.1",
            "util-deprecate": "1.0.2"
          }
        },
        "string_decoder": {
          "version": "1.1.1",
          "resolved": "https://artifactory.swisscom.com:443/api/npm/oxd-ref-npm-virtual/string_decoder/-/string_decoder-1.1.1.tgz",
          "integrity": "sha1-nPFhG6YmhdcDCunkujQUnDrwP8g=",
          "requires": {
            "safe-buffer": "5.1.2"
          }
        }
      }
    },
    "tildify": {
      "version": "1.0.0",
      "resolved": "https://artifactory.swisscom.com:443/api/npm/oxd-ref-npm-virtual/tildify/-/tildify-1.0.0.tgz",
      "integrity": "sha1-KgIdtej73gqPi03zetqo+x05190=",
      "requires": {
        "user-home": "1.1.1"
      }
    },
    "user-home": {
      "version": "1.1.1",
      "resolved": "https://artifactory.swisscom.com:443/api/npm/oxd-ref-npm-virtual/user-home/-/user-home-1.1.1.tgz",
      "integrity": "sha1-K1viOjK2Onyd640PKNSFcko98ZA="
    },
    "util-deprecate": {
      "version": "1.0.2",
      "resolved": "https://artifactory.swisscom.com:443/api/npm/oxd-ref-npm-virtual/util-deprecate/-/util-deprecate-1.0.2.tgz",
      "integrity": "sha1-RQ1Nyfpw3nMnYvvS1KKJgUGaDM8="
    },
    "uuid": {
      "version": "3.2.1",
      "resolved": "https://artifactory.swisscom.com:443/api/npm/oxd-ref-npm-virtual/uuid/-/uuid-3.2.1.tgz",
      "integrity": "sha1-EsUou51Y0LkmXZovbw/ovhf/HxQ="
    },
    "v8flags": {
      "version": "2.1.1",
      "resolved": "https://artifactory.swisscom.com:443/api/npm/oxd-ref-npm-virtual/v8flags/-/v8flags-2.1.1.tgz",
      "integrity": "sha1-qrGh+jDUX4jdMhFIh1rALAtV5bQ=",
      "requires": {
        "user-home": "1.1.1"
      }
    },
    "vandium-utils": {
      "version": "1.2.0",
      "resolved": "https://artifactory.swisscom.com:443/api/npm/oxd-ref-npm-virtual/vandium-utils/-/vandium-utils-1.2.0.tgz",
      "integrity": "sha1-RHNd5LdkGgXeWevpRfF05YLbT1k="
    },
    "whatwg-fetch": {
      "version": "2.0.3",
      "resolved": "https://artifactory.swisscom.com:443/api/npm/oxd-ref-npm-virtual/whatwg-fetch/-/whatwg-fetch-2.0.3.tgz",
      "integrity": "sha1-nITsLc9oGH/wC8ZOEnS0QhduHIQ="
    },
    "which": {
      "version": "1.3.1",
      "resolved": "https://artifactory.swisscom.com:443/api/npm/oxd-ref-npm-virtual/which/-/which-1.3.1.tgz",
      "integrity": "sha1-pFBD1U9YBTFtqNYvn1CRjT2nCwo=",
      "requires": {
        "isexe": "2.0.0"
      }
    },
    "wrappy": {
      "version": "1.0.2",
      "resolved": "https://artifactory.swisscom.com:443/api/npm/oxd-ref-npm-virtual/wrappy/-/wrappy-1.0.2.tgz",
      "integrity": "sha1-tSQ9jz7BqjXxNkYFvA0QNuMKtp8="
    },
    "xtend": {
      "version": "4.0.1",
      "resolved": "https://artifactory.swisscom.com:443/api/npm/oxd-ref-npm-virtual/xtend/-/xtend-4.0.1.tgz",
      "integrity": "sha1-pcbVMr5lbiPbgg77lDofBJmNY68="
    },
    "zen-observable": {
      "version": "0.8.8",
      "resolved": "https://artifactory.swisscom.com:443/api/npm/oxd-ref-npm-virtual/zen-observable/-/zen-observable-0.8.8.tgz",
      "integrity": "sha1-Hqk5lb8Jh1SlghWh4KcwnldJ7EI="
    },
    "zen-observable-ts": {
      "version": "0.8.9",
      "resolved": "https://artifactory.swisscom.com:443/api/npm/oxd-ref-npm-virtual/zen-observable-ts/-/zen-observable-ts-0.8.9.tgz",
      "integrity": "sha1-08l68IwK/co368rffMPulr2purE=",
      "requires": {
        "zen-observable": "0.8.8"
      }
    }
  }
}
